
Microsoft Visual Studio Solution File, Format Version 12.00
# Visual Studio Version 16
VisualStudioVersion = 16.0.30011.22
MinimumVisualStudioVersion = 10.0.40219.1
Project("{FAE04EC0-301F-11D3-BF4B-00C04F79EFBC}") = "laboratory3", "laboratory3.csproj", "{4C478703-D250-419E-9A43-0009A17B71ED}"
EndProject
Project("{2150E333-8FDC-42A3-9474-1A3956D46DE8}") = "Solution Items", "Solution Items", "{87A87983-2D82-4563-9848-F280452569C8}"
	ProjectSection(SolutionItems) = preProject
		Concrete_Game_Store.cs = Concrete_Game_Store.cs
		Game_Store.cs = Game_Store.cs
		IConsole.cs = IConsole.cs
		Ps5.cs = Ps5.cs
		Xbox.cs = Xbox.cs
	EndProjectSection
EndProject
Global
	GlobalSection(SolutionConfigurationPlatforms) = preSolution
		Debug|Any CPU = Debug|Any CPU
		Release|Any CPU = Release|Any CPU
	EndGlobalSection
	GlobalSection(ProjectConfigurationPlatforms) = postSolution
		{4C478703-D250-419E-9A43-0009A17B71ED}.Debug|Any CPU.ActiveCfg = Debug|Any CPU
		{4C478703-D250-419E-9A43-0009A17B71ED}.Debug|Any CPU.Build.0 = Debug|Any CPU
		{4C478703-D250-419E-9A43-0009A17B71ED}.Release|Any CPU.ActiveCfg = Release|Any CPU
		{4C478703-D250-419E-9A43-0009A17B71ED}.Release|Any CPU.Build.0 = Release|Any CPU
	EndGlobalSection
	GlobalSection(SolutionProperties) = preSolution
		HideSolutionNode = FALSE
	EndGlobalSection
	GlobalSection(ExtensibilityGlobals) = postSolution
		SolutionGuid = {C1C2860D-2620-4222-ACB8-EDE9B7E36FCB}
	EndGlobalSection
EndGlobal
